# This file may be used to create an environment using:
# $ conda create --name <env> --file <this file>
# platform: linux-64
@EXPLICIT
https://conda.anaconda.org/conda-forge/linux-64/libgomp-16.2.0-he0feb66_5.conda#af44890f8a2beefd3a83805a59a65014
https://conda.anaconda.org/conda-forge/linux-64/_openmp_mutex-4.5-20_gnu.conda#a9f577daf3de00bca7c3c76c0ecbd1de
https://conda.anaconda.org/conda-forge/noarch/_x86_64-microarch-level-3-3_x86_64_v3.conda#71b564babd2acba41fee541e5912b125
https://conda.anaconda.org/conda-forge/linux-64/libgcc-16.2.0-ha9f2e26_5.conda#3b62b92f0f082b67c59618ebf07617a7
https://conda.anaconda.org/conda-forge/linux-64/alsa-lib-1.2.16.1-h7cc23a3_1.conda#7094e0d8d14de0eff6d83f0d2f1f661e
https://conda.anaconda.org/conda-forge/linux-64/libstdcxx-16.2.0-h934c35e_5.conda#75b43a2912a0354204696708e4f34b8d
https://conda.anaconda.org/conda-forge/linux-64/ampl-asl-1.0.0-h5888daf_2.conda#ef757816a8f0fee2650b6c7e19980b6b
https://conda.anaconda.org/conda-forge/linux-64/c-ares-1.34.8-hebe6cf0_2.conda#3ad2b403be8fc5612b9159e2ce621f69
https://conda.anaconda.org/conda-forge/linux-64/libzlib-1.3.2-h25fd6f3_3.conda#0de0122d9570a8ab637c6b73db268389
https://conda.anaconda.org/conda-forge/linux-64/libsqlite-3.53.4-h0737f62_1.conda#17b328272d5caa0994678529be5b86ab
https://conda.anaconda.org/conda-forge/noarch/ca-certificates-2026.7.22-hbd8a1cb_0.conda#0f51e2391ade309db462a55611263e9c
https://conda.anaconda.org/conda-forge/linux-64/openssl-3.6.4-h781a0a9_0.conda#16e3034a330cc625f2c685edec60cf4e
https://conda.anaconda.org/conda-forge/linux-64/libssh2-1.11.1-h6154650_1.conda#5c526561e1d2a2e071941174eae84557
https://conda.anaconda.org/conda-forge/linux-64/libgcc-ng-16.2.0-h69a702a_5.conda#e7c34906139296448e3554fafa3dbec2
https://conda.anaconda.org/conda-forge/linux-64/libstdcxx-ng-16.2.0-hdf11a46_5.conda#c37fb00cb15b16cf1601914d68a509ea
https://conda.anaconda.org/conda-forge/linux-64/icu-75.1-he02047a_0.conda#8b189310083baabfb622af68fd9d3ae3
https://conda.anaconda.org/conda-forge/linux-64/libiconv-1.18-h0cb94f2_3.conda#f92233bf33e24a25668bb2119e2c51f9
https://conda.anaconda.org/conda-forge/linux-64/liblzma-5.8.3-hb03c661_1.conda#1390b7c5ac0b1d8e447bc5efa6d3c8c2
https://conda.anaconda.org/conda-forge/linux-64/libxml2-2.13.9-h04c0eec_0.conda#35eeb0a2add53b1e50218ed230fa6a02
https://conda.anaconda.org/conda-forge/linux-64/aria2-1.37.0-h4e1c2bf_3.conda#216b4c1584c711126c5b8cfe0c5c01ee
https://conda.anaconda.org/conda-forge/linux-64/aws-c-common-0.12.4-hb03c661_0.conda#ae5621814cb99642c9308977fe90ed0d
https://conda.anaconda.org/conda-forge/linux-64/aws-c-cal-0.9.2-he7b75e1_1.conda#c04d1312e7feec369308d656c18e7f3e
https://conda.anaconda.org/conda-forge/linux-64/aws-c-compression-0.3.1-h92c474e_6.conda#3490e744cb8b9d5a3b9785839d618a17
https://conda.anaconda.org/conda-forge/linux-64/s2n-1.5.26-h5ac9029_0.conda#0cfd80e699ae130623c0f42c6c6cf798
https://conda.anaconda.org/conda-forge/linux-64/aws-c-io-0.22.0-h57f3b0d_1.conda#2de3494a513d360155b7f4da7b017840
https://conda.anaconda.org/conda-forge/linux-64/aws-c-http-0.10.4-h94feff3_3.conda#8dd69714ac24879be0865676eb333f6b
https://conda.anaconda.org/conda-forge/linux-64/aws-c-sdkutils-0.2.4-h92c474e_1.conda#4ab554b102065910f098f88b40163835
https://conda.anaconda.org/conda-forge/linux-64/aws-c-auth-0.9.1-h48c9088_3.conda#afdbdbe7f786f47a36a51fdc2fe91210
https://conda.anaconda.org/conda-forge/linux-64/aws-checksums-0.2.7-h92c474e_2.conda#248831703050fe9a5b2680a7589fdba9
https://conda.anaconda.org/conda-forge/linux-64/aws-c-event-stream-0.5.6-h82d11aa_3.conda#a6374ed86387e0b1967adc8d8988db86
https://conda.anaconda.org/conda-forge/linux-64/aws-c-mqtt-0.13.3-h2b1cf8c_6.conda#7bb5e26afec09a59283ec1783798d74a
https://conda.anaconda.org/conda-forge/linux-64/aws-c-s3-0.8.6-h4e5ac4b_5.conda#1557911474d926a8bd7b32a5f02bba35
https://conda.anaconda.org/conda-forge/linux-64/aws-crt-cpp-0.34.4-h60c762c_0.conda#d41cf259f1b3e2a2347b11b98f64623d
https://conda.anaconda.org/conda-forge/linux-64/keyutils-1.6.3-h7cc23a3_1.conda#ba55d1b89fd7775e67de8291029b4059
https://conda.anaconda.org/conda-forge/linux-64/ncurses-6.6-hdb14827_1.conda#ee6c0cd80a60961a1f48aa3e0b91f986
https://conda.anaconda.org/conda-forge/linux-64/libedit-3.1.20250104-pl5321h373387f_1.conda#50708d3b951d0f8e2d7f2df5b5edc040
https://conda.anaconda.org/conda-forge/linux-64/krb5-1.21.3-h659f571_0.conda#3f43953b7d3fb3aaa1d0d0723d91e368
https://conda.anaconda.org/conda-forge/linux-64/libev-4.33-h280c20c_3.conda#7bc31538d6e3fb349e897353969237ec
https://conda.anaconda.org/conda-forge/linux-64/libnghttp2-1.68.1-h74cf4be_1.conda#75d211f04ac87506f1f43420712a69fe
https://conda.anaconda.org/conda-forge/linux-64/zstd-1.5.7-hb78ec9c_7.conda#aa459086047c0e5e27023ab19f8cb86a
https://conda.anaconda.org/conda-forge/linux-64/libcurl-8.18.0-h4e3cde8_0.conda#0a5563efed19ca4461cf927419b6eb73
https://conda.anaconda.org/conda-forge/linux-64/aws-sdk-cpp-1.11.606-h32384e2_4.conda#31067fbcb4ddfd76bc855532cc228568
https://conda.anaconda.org/conda-forge/linux-64/azure-core-cpp-1.16.0-h3a458e0_1.conda#682cb082bbd998528c51f1e77d9ce415
https://conda.anaconda.org/conda-forge/linux-64/azure-identity-cpp-1.12.0-ha729027_0.conda#3dab8d6fa3d10fe4104f1fbe59c10176
https://conda.anaconda.org/conda-forge/linux-64/azure-storage-common-cpp-12.10.0-hebae86a_2.conda#0d93ce986d13e46a8fc91c289597d78f
https://conda.anaconda.org/conda-forge/linux-64/azure-storage-blobs-cpp-12.14.0-hb1c9500_1.conda#30da390c211967189c58f83ab58a6f0c
https://conda.anaconda.org/conda-forge/linux-64/azure-storage-files-datalake-cpp-12.12.0-h8b27e44_3.conda#7b738aea4f1b8ae2d1118156ad3ae993
https://conda.anaconda.org/conda-forge/linux-64/libbrotlicommon-1.1.0-hb03c661_4.conda#1d29d2e33fe59954af82ef54a8af3fe1
https://conda.anaconda.org/conda-forge/linux-64/libbrotlidec-1.1.0-hb03c661_4.conda#5cb5a1c9a94a78f5b23684bcb845338d
https://conda.anaconda.org/conda-forge/linux-64/libbrotlienc-1.1.0-hb03c661_4.conda#2e55011fa483edb8bfe3fd92e860cd79
https://conda.anaconda.org/conda-forge/linux-64/brotli-bin-1.1.0-hb03c661_4.conda#ca4ed8015764937c81b830f7f5b68543
https://conda.anaconda.org/conda-forge/linux-64/brotli-1.1.0-hb03c661_4.conda#eaf3fbd2aa97c212336de38a51fe404e
https://conda.anaconda.org/conda-forge/linux-64/bzip2-1.0.8-hda65f42_10.conda#e675fabcf81499adc7edf58124fb1e01
https://conda.anaconda.org/conda-forge/linux-64/ld_impl_linux-64-2.46.1-default_hbd61a6d_102.conda#449500f2c089da11c40f5c21312e3e07
https://conda.anaconda.org/conda-forge/linux-64/libexpat-2.8.4-hd2095e1_0.conda#a77b44d6cbaad97f3ad050ab35fad55a
https://conda.anaconda.org/conda-forge/linux-64/libffi-3.7.0-h81df57d_1.conda#6525a0b06aa4fd390795f0740636a9dd
https://conda.anaconda.org/conda-forge/linux-64/libnsl-2.0.1-hb9d3cd8_1.conda#d864d34357c3b65a4b731f78c0801dc4
https://conda.anaconda.org/conda-forge/linux-64/libpython-3.12.14-h0c77377_3_cpython.conda#d247b7632f09324c11f24b5270361385
https://conda.anaconda.org/conda-forge/linux-64/libuuid-2.42.3-hcfc3c73_0.conda#74a0a409d9f4561265d36b789d3f398a
https://conda.anaconda.org/conda-forge/linux-64/libxcrypt-4.4.38-h280c20c_0.conda#f7a7ff5a6ab331e037abd34f379a631d
https://conda.anaconda.org/conda-forge/linux-64/readline-8.3-hd6e31c0_1.conda#69c01c781e7c8190bbdaf79e3848c5ca
https://conda.anaconda.org/conda-forge/linux-64/tk-8.6.13-noxft_h1df4ec4_4.conda#676a2f9b1c4fcf57b70aa5c65f6c60d0
https://conda.anaconda.org/conda-forge/noarch/tzdata-2026c-h151e31d_0.conda#fcb489df604d100968b737f2cb6076c6
https://conda.anaconda.org/conda-forge/linux-64/python-3.12.14-h5f976f7_3_cpython.conda#98be3cf76eca2e8871f907a03aed3b84
https://conda.anaconda.org/conda-forge/noarch/cached_property-2.0.1-pyhcf101f3_0.conda#256d863ded0f79464391a075944d24a6
https://conda.anaconda.org/conda-forge/noarch/cached-property-2.0.1-pyhcf101f3_0.conda#70e764e549c6c25de5e429d6e4a28b39
https://conda.anaconda.org/conda-forge/linux-64/libpng-1.6.58-h922cc85_1.conda#fcf71c8d979148873f6f8ad4cfc73d86
https://conda.anaconda.org/conda-forge/linux-64/libfreetype6-2.14.3-h5e6c136_2.conda#b72a266a9317036fd0464cb98b027cd0
https://conda.anaconda.org/conda-forge/linux-64/libfreetype-2.14.3-ha770c72_2.conda#f8054e759d0ddddaf34a5c8fedc900a1
https://conda.anaconda.org/conda-forge/linux-64/fontconfig-2.18.3-h4db4eae_1.conda#922776b528a470ab5afa81fd42abfa1d
https://conda.anaconda.org/conda-forge/noarch/font-ttf-dejavu-sans-mono-2.37-hab24e00_0.tar.bz2#0c96522c6bdaed4b1566d11387caaf45
https://conda.anaconda.org/conda-forge/noarch/font-ttf-inconsolata-3.000-h77eed37_0.tar.bz2#34893075a5c9e55cdafac56607368fc6
https://conda.anaconda.org/conda-forge/noarch/font-ttf-source-code-pro-2.038-h77eed37_0.tar.bz2#4d59c254e01d9cde7957100457e2d5fb
https://conda.anaconda.org/conda-forge/noarch/font-ttf-ubuntu-0.83-h77eed37_3.conda#49023d73832ef61042f6a237cb2687e7
https://conda.anaconda.org/conda-forge/noarch/fonts-conda-forge-1-hc364b38_1.conda#a7970cd949a077b7cb9696379d338681
https://conda.anaconda.org/conda-forge/noarch/fonts-conda-ecosystem-1-0.tar.bz2#fee5683a3f04bd15cbd8318b096a27ab
https://conda.anaconda.org/conda-forge/linux-64/freetype-2.14.3-ha770c72_2.conda#2d0ea23b23603e07ca47f23f949f67b6
https://conda.anaconda.org/conda-forge/linux-64/pcre2-10.44-hc749103_2.conda#31614c73d7b103ef76faa4d83d261d34
https://conda.anaconda.org/conda-forge/linux-64/libglib-2.84.0-h2ff4ddf_0.conda#40cdeafb789a5513415f7bdbef053cf5
https://conda.anaconda.org/conda-forge/linux-64/pthread-stubs-0.4-h7cc23a3_1004.conda#bb66b610707b811e3c65181a6431e7a8
https://conda.anaconda.org/conda-forge/linux-64/xorg-libxau-1.0.12-h7cc23a3_2.conda#da33efee1a93603d92e06d4a2b68def6
https://conda.anaconda.org/conda-forge/linux-64/xorg-libxdmcp-1.1.5-h7cc23a3_2.conda#eabfc45786244de252090cf8d55128a8
https://conda.anaconda.org/conda-forge/linux-64/libxcb-1.17.0-hb83e432_2.conda#61f0ffba9161cbb3a77722869b21e4bb
https://conda.anaconda.org/conda-forge/linux-64/pixman-0.46.4-h54a6638_3.conda#0ee5bb30034b081a1386c1e2c98ab0a7
https://conda.anaconda.org/conda-forge/linux-64/xorg-libice-1.1.2-h280c20c_0.conda#85c9442aec283b4e464fa9ecc484a2f3
https://conda.anaconda.org/conda-forge/linux-64/xorg-libsm-1.2.6-h0d788c3_1.conda#aa7459ed9ad086ba11dda843d764b33d
https://conda.anaconda.org/conda-forge/linux-64/xorg-libx11-1.8.13-he1eb515_1.conda#8c282bbe4808a3cc80a5c98e9aec1cfc
https://conda.anaconda.org/conda-forge/linux-64/xorg-libxext-1.3.7-h7cc23a3_1.conda#e5b6b28536b81b3f4cb20db4668a4642
https://conda.anaconda.org/conda-forge/linux-64/xorg-libxrender-0.9.12-hb03c661_1.conda#e470d224a7a5be1b1d021bded7abb536
https://conda.anaconda.org/conda-forge/linux-64/cairo-1.18.4-h3394656_0.conda#09262e66b19567aff4f592fb53b28760
https://conda.anaconda.org/conda-forge/linux-64/capnproto-1.3.0-h791c776_1.conda#c6ffbe272726693f7b833e10aafcc129
https://conda.anaconda.org/bioconda/linux-64/cd-hit-4.8.1-h5ca1c30_13.tar.bz2#8b5beac305bcf38b77be27e0233e4076
https://conda.anaconda.org/conda-forge/noarch/pycparser-3.0-pyhcf101f3_0.conda#9c5491066224083c41b6d5635ed7107b
https://conda.anaconda.org/conda-forge/noarch/python_abi-3.12-9_cp312.conda#4c32076993e6270825441d059ab5c18b
https://conda.anaconda.org/conda-forge/linux-64/cffi-2.1.1-py312h703531f_3.conda#41f019d067f8c52c6d9283d8afb28889
https://conda.anaconda.org/conda-forge/noarch/charset-normalizer-3.5.1-pyhd8ed1ab_0.conda#e0ac3accc64e23e40969d660e5f58ac8
https://conda.anaconda.org/conda-forge/linux-64/libgfortran5-16.2.0-h6b99dfc_5.conda#a7eb3f9540094247ec8a2fa800cf9bbf
https://conda.anaconda.org/conda-forge/linux-64/libgfortran-16.2.0-h69a702a_5.conda#34ddf93e56ee44924ce76a614e5fb379
https://conda.anaconda.org/conda-forge/linux-64/libopenblas-0.3.34-pthreads_hf13c14d_2.conda#7e19fcd73d7f0997d3cb3326d2586a86
https://conda.anaconda.org/conda-forge/linux-64/libblas-3.11.0-11_h4a7cf45_openblas.conda#b8cce1486f3c62f33291d6318c193d0d
https://conda.anaconda.org/conda-forge/linux-64/libcblas-3.11.0-11_h0358290_openblas.conda#73a248c30811075059b5aeda766c2624
https://conda.anaconda.org/conda-forge/linux-64/liblapack-3.11.0-11_h47877c9_openblas.conda#5622a13917855ce4b953b9e655cf9262
https://conda.anaconda.org/conda-forge/linux-64/numpy-2.5.3-py312he827f4e_0.conda#5abf073f2cf066f2f3d28229b3cbe94d
https://conda.anaconda.org/conda-forge/linux-64/scipy-1.18.1-py312h106c528_1.conda#73cc9629383ee4e1f2166b314527b324
https://conda.anaconda.org/conda-forge/linux-64/clarabel-0.11.1-py312h0ccc70a_2.conda#f843988bdcc3b54ae6e85e1ec79fe62c
https://conda.anaconda.org/conda-forge/noarch/cloudpickle-3.1.2-pyhcf101f3_1.conda#61b8078a0905b12529abc622406cb62c
https://conda.anaconda.org/conda-forge/linux-64/contourpy-1.4.0-py312h9be0db6_1.conda#64e62dfa49dd4688301b02d8cfea3687
https://conda.anaconda.org/conda-forge/linux-64/cppad-20240000.5-hac33072_0.conda#41ed5809b931bfafadb6d904be9fc23f
https://conda.anaconda.org/conda-forge/linux-64/dsdp-5.8-hd9d9efa_1203.tar.bz2#a6dc200eee3225b7a41aa4af53f4431f
https://conda.anaconda.org/conda-forge/linux-64/fftw-3.3.11-nompi_h3b011a4_100.conda#0717f4eb3d18259358a1fa77edb18917
https://conda.anaconda.org/conda-forge/linux-64/gmp-6.3.0-hfd2156b_3.conda#576e32739f323438bf69ab006c21be7b
https://conda.anaconda.org/conda-forge/linux-64/glpk-5.0-h445213a_0.tar.bz2#efc4b0c33bdf47312ad5a8a0587fa653
https://conda.anaconda.org/conda-forge/linux-64/gsl-2.8-h3cd6761_2.conda#5071d6d2577a3d5989b1767fbd0a4d56
https://conda.anaconda.org/conda-forge/linux-64/libsuitesparseconfig-7.10.1-h92d6892_7100102.conda#d45d56b05772af9a24c0af1c3c3cc450
https://conda.anaconda.org/conda-forge/linux-64/libamd-3.3.3-haaf9dc3_7100102.conda#dd2ac21455e520614180dba84a5c4b40
https://conda.anaconda.org/conda-forge/linux-64/libbtf-2.3.2-h32481e8_7100102.conda#66919af2c087d6dafc0ac60dc8186a93
https://conda.anaconda.org/conda-forge/linux-64/libcamd-3.3.3-h32481e8_7100102.conda#9892f675f977db9ca5c3a4202dde2ac8
https://conda.anaconda.org/conda-forge/linux-64/libccolamd-3.3.4-h32481e8_7100102.conda#5885d6070cfc7a06cb8fbf3529bfdcfc
https://conda.anaconda.org/conda-forge/linux-64/libcolamd-3.3.4-h32481e8_7100102.conda#741d2faafde47a015bb961afcc5032f4
https://conda.anaconda.org/conda-forge/linux-64/libcholmod-5.3.1-h59ddab4_7100102.conda#4db212162ab589b22a44bacc8f0db47c
https://conda.anaconda.org/conda-forge/linux-64/libcxsparse-4.4.1-h32481e8_7100102.conda#593cc2ed69765de8ad1cb402322e8a44
https://conda.anaconda.org/conda-forge/linux-64/metis-5.1.0-hd0bcaf9_1007.conda#28eb714416de4eb83e2cbc47e99a1b45
https://conda.anaconda.org/conda-forge/linux-64/libklu-2.3.5-hf24d653_7100102.conda#e1b72631b0ce2c6ac10213455829d0b0
https://conda.anaconda.org/conda-forge/linux-64/libldl-3.3.2-h32481e8_7100102.conda#8eb046b3472ddfed4c74551c9729f2d6
https://conda.anaconda.org/conda-forge/linux-64/libumfpack-6.3.5-heb53515_7100102.conda#2fad43d05ca015652b5add6c22be6427
https://conda.anaconda.org/conda-forge/linux-64/libparu-1.0.0-h17147ab_7100102.conda#d46f49ad4606c1d2780d5488f1f5ba3f
https://conda.anaconda.org/conda-forge/linux-64/librbio-4.3.4-h32481e8_7100102.conda#b573e34f42635a8d6ec932d32cec07b5
https://conda.anaconda.org/conda-forge/linux-64/mpfr-4.2.2-ha2cb11d_1.conda#7dcc10f6c0bc3596d5519a710a84dfd4
https://conda.anaconda.org/conda-forge/linux-64/libspex-3.2.3-had10066_7100102.conda#824804966d81d710bfb67dbab205e490
https://conda.anaconda.org/conda-forge/linux-64/libspqr-4.3.4-h852d39f_7100102.conda#998f1ce5ba9a7bb430e8422342bce782
https://conda.anaconda.org/conda-forge/linux-64/suitesparse-7.10.1-ha0f6916_7100102.conda#713a9d126a58c5f5b7dcf60f1410e966
https://conda.anaconda.org/conda-forge/linux-64/cvxopt-1.3.3-py312hafb07b8_2.conda#9aec44db460aff2731dc082e409ecc7e
https://conda.anaconda.org/conda-forge/linux-64/libqdldl-0.1.8-h3f2d84a_1.conda#3459f613a2c36a161d0cee2f38bfd9d6
https://conda.anaconda.org/conda-forge/linux-64/qdldl-python-0.1.9.post1-np2py312h748b537_2.conda#193ac486ce98242bbb20799ab459b37d
https://conda.anaconda.org/conda-forge/linux-64/cvxpy-base-1.9.2-np2py312h0f77346_0.conda#fd29209b54943c5fb349e1e2665ebf71
https://conda.anaconda.org/conda-forge/linux-64/highspy-1.15.1-np2py312h748b537_1.conda#16dd7bb560c25b0f8788b404c66df42d
https://conda.anaconda.org/conda-forge/linux-64/markupsafe-3.0.3-py312h8a5da7c_1.conda#93a4752d42b12943a355b682ee43285b
https://conda.anaconda.org/conda-forge/noarch/jinja2-3.1.6-pyhcf101f3_1.conda#04558c96691bed63104678757beb4f8d
https://conda.anaconda.org/conda-forge/noarch/joblib-1.6.0-pyhcf101f3_0.conda#4ebc70ef1af2e21cdc8edb1bfa1ec28d
https://conda.anaconda.org/conda-forge/linux-64/libosqp-1.0.0-np2py312h1a77e3e_2.conda#c4396a2e825d384f18244dd34661248f
https://conda.anaconda.org/conda-forge/linux-64/osqp-1.1.3-np2py312h0f77346_1.conda#3038cb36087182ac534832e31e72acb0
https://conda.anaconda.org/conda-forge/linux-64/scs-3.3.1-default_py312h854afdf_2.conda#205bd45847c192a1dac36ac0b2ba279e
https://conda.anaconda.org/conda-forge/linux-64/cvxpy-1.9.2-py312h5f84bb6_0.conda#f08437afa270e9dda907d795fd52d027
https://conda.anaconda.org/conda-forge/noarch/cycler-0.12.1-pyhcf101f3_2.conda#4c2a8fef270f6c69591889b93f9f55c1
https://conda.anaconda.org/conda-forge/linux-64/libntlm-1.8-hb9d3cd8_0.conda#7c7927b404672409d9917d49bff5f2d6
https://conda.anaconda.org/conda-forge/linux-64/cyrus-sasl-2.1.28-hd9c7081_0.conda#cae723309a49399d2949362f4ab5c9e4
https://conda.anaconda.org/conda-forge/linux-64/libaec-1.1.5-h088129d_0.conda#86f7414544ae606282352fa1e116b41f
https://conda.anaconda.org/conda-forge/linux-64/hdf5-1.14.6-nompi_h19486de_106.conda#c223ee1429ba538f3e48cfb4a0b97357
https://conda.anaconda.org/conda-forge/linux-64/h5py-3.16.0-nompi_py312hfaa9938_104.conda#9ca94eb30bd0938240f32b6e6398b862
https://conda.anaconda.org/conda-forge/noarch/zipp-4.1.0-pyhcf101f3_0.conda#ba3dcdc8584155c97c648ae9c044b7a3
https://conda.anaconda.org/conda-forge/noarch/importlib_resources-7.1.0-pyhd8ed1ab_0.conda#0ba6225c279baf7ea9473a62ea0ec9ae
https://conda.anaconda.org/conda-forge/noarch/munkres-1.1.4-pyhd8ed1ab_1.conda#37293a85a0f4f77bbd9cf7aaefc62609
https://conda.anaconda.org/conda-forge/linux-64/unicodedata2-18.0.0-py312h5cc1888_0.conda#070e15c0fbb80b2f2fe405419b763f68
https://conda.anaconda.org/conda-forge/linux-64/fonttools-4.65.0-py312hfd18d64_0.conda#a1f28d7f53adcd210da4ffc07e62b7e0
https://conda.anaconda.org/conda-forge/linux-64/kiwisolver-1.5.1-py312h9be0db6_1.conda#231fede9051444ed7d243f78f3cb4a8f
https://conda.anaconda.org/conda-forge/noarch/packaging-26.3-pyhc364b38_0.conda#936687ed80f295a1f5dbcf8bd34c252c
https://conda.anaconda.org/conda-forge/linux-64/libjpeg-turbo-3.2.0-hb03c661_1.conda#898d1c9793eaa52efc4727bd84d2e39a
https://conda.anaconda.org/conda-forge/linux-64/lerc-4.2.0-hdb68285_0.conda#fb9d356b1a57d6d54768be7ebd5fce09
https://conda.anaconda.org/conda-forge/linux-64/libdeflate-1.25-hd45a770_1.conda#40f9b31aa9cf007789867df0decd0492
https://conda.anaconda.org/conda-forge/linux-64/libwebp-base-1.6.0-hd42ef1d_1.conda#9332b53d0ea93c5d39e33be03a0c611a
https://conda.anaconda.org/conda-forge/linux-64/libtiff-4.7.2-hcc2c06a_1.conda#0907d876f460ebc941ae590338b6102f
https://conda.anaconda.org/conda-forge/linux-64/lcms2-2.19.1-h9073bf1_3.conda#596464faa06e0b656b35416188ef9bba
https://conda.anaconda.org/conda-forge/linux-64/openjpeg-2.5.4-heb1ab33_2.conda#a3f3ac7a68d01c198e276dbb99e62032
https://conda.anaconda.org/conda-forge/linux-64/zlib-ng-2.3.3-hce19668_1.conda#1726acec19beeed1c764385cd8622405
https://conda.anaconda.org/conda-forge/linux-64/pillow-12.3.0-py312h38079b3_4.conda#87d8e4053a968e8b20937e6cdd945a18
https://conda.anaconda.org/conda-forge/noarch/pyparsing-3.3.3-pyh5ded981_0.conda#8bf43ae1312e9b966063459e04c20fa7
https://conda.anaconda.org/conda-forge/noarch/six-1.17.0-pyhe01879c_1.conda#3339e3b65d58accf4ca4fb8748ab16b3
https://conda.anaconda.org/conda-forge/noarch/python-dateutil-2.9.0.post0-pyhe01879c_2.conda#5b8d21249ff20967101ffa321cab24e8
https://conda.anaconda.org/conda-forge/linux-64/qhull-2020.2-h434a139_5.conda#353823361b1d27eb3960efb076dfcaf6
https://conda.anaconda.org/conda-forge/linux-64/matplotlib-base-3.10.9-py312he3d6523_0.conda#7d499b5b6d150f133800dc3a582771c7
https://conda.anaconda.org/conda-forge/linux-64/libllvm21-21.1.0-hecd9e04_0.conda#9ad637a7ac380c442be142dfb0b1b955
https://conda.anaconda.org/conda-forge/linux-64/libclang13-21.1.0-default_h746c552_1.conda#327c78a8ce710782425a89df851392f7
https://conda.anaconda.org/conda-forge/linux-64/libglvnd-1.7.0-ha4b6fd6_5.conda#cfcf11edcfd4acf0094771a9c3b8587f
https://conda.anaconda.org/conda-forge/linux-64/libegl-1.7.0-ha4b6fd6_5.conda#3a1b41c4591a0a1734382af3e2b8bc08
https://conda.anaconda.org/conda-forge/linux-64/libglx-1.7.0-ha4b6fd6_5.conda#614e10aae180f87b84f0d1ca8ceb7d9e
https://conda.anaconda.org/conda-forge/linux-64/libgl-1.7.0-ha4b6fd6_5.conda#81141db127a106eb5a91df69a29c9918
https://conda.anaconda.org/conda-forge/linux-64/libopengl-1.7.0-ha4b6fd6_5.conda#d207a2e9bae9da476bc0a603215d5167
https://conda.anaconda.org/conda-forge/linux-64/libxslt-1.1.43-h7a3aeb2_0.conda#31059dc620fa57d787e3899ed0421e6d
https://conda.anaconda.org/conda-forge/linux-64/expat-2.8.4-hd2095e1_0.conda#cb682305c801a344e2832fe23dafe339
https://conda.anaconda.org/conda-forge/linux-64/dbus-1.13.6-h5008d03_3.tar.bz2#ecfff944ba3960ecb334b9a2663d708d
https://conda.anaconda.org/conda-forge/linux-64/double-conversion-3.3.1-h5888daf_0.conda#bfd56492d8346d669010eccafe0ba058
https://conda.anaconda.org/conda-forge/linux-64/graphite2-1.3.15-h54a6638_1.conda#f9fe2984587fa8235a6af6004760cd18
https://conda.anaconda.org/conda-forge/linux-64/harfbuzz-11.0.0-h76408a6_0.conda#347cb348bfc8d77062daee11c326e518
https://conda.anaconda.org/conda-forge/linux-64/libllvm20-20.1.8-hecd9e04_0.conda#59a7b967b6ef5d63029b1712f8dcf661
https://conda.anaconda.org/conda-forge/linux-64/libclang-cpp20.1-20.1.8-default_hc302687_17.conda#9286bffa815d825de0294f79af02110d
https://conda.anaconda.org/conda-forge/linux-64/libcups-2.3.3-hb8b1518_5.conda#d4a250da4737ee127fb1fa6452a9002e
https://conda.anaconda.org/conda-forge/linux-64/libpciaccess-0.19-hb03c661_1.conda#35fa2b34bbced424e6976d30f5fde576
https://conda.anaconda.org/conda-forge/linux-64/libdrm-2.4.129-h7cc23a3_0.conda#64cc91512b6278c315349dc13c53f680
https://conda.anaconda.org/conda-forge/linux-64/openldap-2.6.10-he970967_0.conda#2e5bf4f1da39c0b32778561c3c4e5878
https://conda.anaconda.org/conda-forge/linux-64/libpq-17.7-h5c52fec_1.conda#a4769024afeab4b32ac8167c2f92c7ac
https://conda.anaconda.org/conda-forge/linux-64/xkeyboard-config-2.48-h280c20c_0.conda#b233b41be0bf210989d57160ed39b394
https://conda.anaconda.org/conda-forge/linux-64/libxkbcommon-1.11.0-he8b52b9_0.conda#74e91c36d0eef3557915c68b6c2bef96
https://conda.anaconda.org/conda-forge/linux-64/mysql-common-9.0.1-h266115a_6.conda#94116b69829e90b72d566e64421e1bff
https://conda.anaconda.org/conda-forge/linux-64/mysql-libs-9.0.1-he0572af_6.conda#9802ae6d20982f42c0f5d69008988763
https://conda.anaconda.org/conda-forge/linux-64/wayland-1.26.0-hc1c935e_2.conda#88a47e22b53e50865b1cabe2eb648352
https://conda.anaconda.org/conda-forge/linux-64/xcb-util-0.4.1-h4f16b4b_2.conda#fdc27cb255a7a2cc73b7919a968b48f0
https://conda.anaconda.org/conda-forge/linux-64/xcb-util-image-0.4.0-hb711507_2.conda#a0901183f08b6c7107aab109733a3c91
https://conda.anaconda.org/conda-forge/linux-64/xcb-util-renderutil-0.3.10-hb711507_0.conda#0e0cbe0564d03a99afd5fd7b362feecd
https://conda.anaconda.org/conda-forge/linux-64/xcb-util-cursor-0.1.6-hb03c661_0.conda#4d1fc190b99912ed557a8236e958c559
https://conda.anaconda.org/conda-forge/linux-64/xcb-util-keysyms-0.4.1-hb711507_0.conda#ad748ccca349aec3e91743e08b5e2b50
https://conda.anaconda.org/conda-forge/linux-64/xcb-util-wm-0.4.2-hb711507_0.conda#608e0ef8256b81d04456e8d211eee3e8
https://conda.anaconda.org/conda-forge/linux-64/xorg-libxfixes-6.0.2-h7cc23a3_1.conda#09132e874fe0e1f5e4492b0b6b904b6e
https://conda.anaconda.org/conda-forge/linux-64/xorg-libxcomposite-0.4.7-hb03c661_0.conda#f2ba4192d38b6cef2bb2c25029071d90
https://conda.anaconda.org/conda-forge/linux-64/xorg-libxcursor-1.2.3-hb9d3cd8_0.conda#2ccd714aa2242315acaf0a67faea780b
https://conda.anaconda.org/conda-forge/linux-64/xorg-libxdamage-1.1.6-hb9d3cd8_0.conda#b5fcc7172d22516e1f965490e65e33a4
https://conda.anaconda.org/conda-forge/linux-64/xorg-libxrandr-1.5.5-h7cc23a3_1.conda#798a8c9d171859a022e1cb89e7d0eb10
https://conda.anaconda.org/conda-forge/linux-64/xorg-libxi-1.8.3-h7cc23a3_1.conda#a1412b2b1184dacda45f8476fef2cc25
https://conda.anaconda.org/conda-forge/linux-64/xorg-libxtst-1.2.5-h7cc23a3_4.conda#752a5ac9322e0fbbc24146c1ce3ae44e
https://conda.anaconda.org/conda-forge/linux-64/xorg-libxxf86vm-1.1.7-hb03c661_0.conda#665d152b9c6e78da404086088077c844
https://conda.anaconda.org/conda-forge/linux-64/qt6-main-6.9.0-h6441bc3_0.conda#d3df16592e15a3f833cfc4d19ae58677
https://conda.anaconda.org/conda-forge/linux-64/pyside6-6.9.0-py312h91f0f75_0.conda#e3a335c7530a1d0c4db621914f00f9f7
https://conda.anaconda.org/conda-forge/linux-64/tornado-6.5.10-py312h5cc1888_0.conda#b0414832500d750321eddce3822bea7b
https://conda.anaconda.org/conda-forge/linux-64/matplotlib-3.10.9-py312h7900ff3_0.conda#579c6a324b197594fabc9240bddf2d8b
https://conda.anaconda.org/conda-forge/linux-64/pandas-3.0.6-np2py312h91ec553_0.conda#2143c2cef115b49a934d526f7da91696
https://conda.anaconda.org/conda-forge/linux-64/gflags-2.3.1-h54a6638_0.conda#04be12e7dd050aaf364ece2393988e85
https://conda.anaconda.org/conda-forge/linux-64/glog-0.7.1-hb7133d2_1.conda#6941f96b8a8056677d79b4f5a2c4aaca
https://conda.anaconda.org/conda-forge/linux-64/libabseil-20250512.1-cxx17_hba17884_0.conda#83b160d4da3e1e847bf044997621ed63
https://conda.anaconda.org/conda-forge/linux-64/libprotobuf-6.31.1-hfb7daa7_5.conda#da31d891434e50d7e7be8adc5832269b
https://conda.anaconda.org/conda-forge/linux-64/libre2-11-2025.11.05-h7b12aa8_0.conda#a30848ebf39327ea078cf26d114cff53
https://conda.anaconda.org/conda-forge/linux-64/re2-2025.11.05-h5301d42_0.conda#0227d04521bc3d28c7995c7e1f99a721
https://conda.anaconda.org/conda-forge/linux-64/libgrpc-1.73.1-h3288cfb_1.conda#ff63bb12ac31c176ff257e3289f20770
https://conda.anaconda.org/conda-forge/linux-64/libgoogle-cloud-2.39.0-hdb79228_0.conda#a2e30ccd49f753fd30de0d30b1569789
https://conda.anaconda.org/conda-forge/linux-64/libcrc32c-1.1.2-h9c3ff4c_0.tar.bz2#c965a5aa0d5c1c37ffc62dff36e28400
https://conda.anaconda.org/conda-forge/linux-64/libgoogle-cloud-storage-2.39.0-hdbdcf42_0.conda#bd21962ff8a9d1ce4720d42a35a4af40
https://conda.anaconda.org/conda-forge/linux-64/libopentelemetry-cpp-headers-1.21.0-ha770c72_1.conda#9e298d76f543deb06eb0f3413675e13a
https://conda.anaconda.org/conda-forge/linux-64/nlohmann_json-3.12.0-h54a6638_2.conda#fe93be7dd9209e6ae673962e3031ff51
https://conda.anaconda.org/conda-forge/linux-64/zlib-1.3.2-h25fd6f3_3.conda#6acb86426229f96f93e5468d1df3a5e8
https://conda.anaconda.org/conda-forge/linux-64/prometheus-cpp-1.3.0-ha5d0236_0.conda#a83f6a2fdc079e643237887a37460668
https://conda.anaconda.org/conda-forge/linux-64/libopentelemetry-cpp-1.21.0-hb9b0907_1.conda#1c0320794855f457dea27d35c4c71e23
https://conda.anaconda.org/conda-forge/linux-64/lz4-c-1.10.0-hee9eb32_2.conda#e38a3253d72ab07d471483f24947e2a2
https://conda.anaconda.org/conda-forge/linux-64/snappy-1.2.2-h34e00bb_2.conda#2b7e31ffbd476eecf33b3b833692339c
https://conda.anaconda.org/conda-forge/linux-64/orc-2.2.1-hd747db4_0.conda#ddab8b2af55b88d63469c040377bd37e
https://conda.anaconda.org/conda-forge/linux-64/libarrow-21.0.0-h56a6dad_8_cpu.conda#3dc4bd7a6243159d2a3291e259222ddc
https://conda.anaconda.org/conda-forge/linux-64/libutf8proc-2.11.3-hfe17d71_0.conda#1247168fe4a0b8912e3336bccdbf98a5
https://conda.anaconda.org/conda-forge/linux-64/libarrow-compute-21.0.0-h8c2c5c3_8_cpu.conda#64342bd7f29894d3f16ef7b71f8f2328
https://conda.anaconda.org/conda-forge/linux-64/libarrow-acero-21.0.0-h635bf11_8_cpu.conda#1b8f002c3ea2f207a8306d94370f526b
https://conda.anaconda.org/conda-forge/linux-64/libevent-2.1.12-h5348a74_2.conda#2e699c6e151045b2cfea34b53ed69439
https://conda.anaconda.org/conda-forge/linux-64/libthrift-0.22.0-h7d032f7_2.conda#b6e326fbe1e3948da50ec29cee0380db
https://conda.anaconda.org/conda-forge/linux-64/libparquet-21.0.0-h790f06f_8_cpu.conda#80344ce1bdd57e68bd70e742430a408c
https://conda.anaconda.org/conda-forge/linux-64/libarrow-dataset-21.0.0-h635bf11_8_cpu.conda#e0aef220789dd2234cbfb8baf759d405
https://conda.anaconda.org/conda-forge/linux-64/libarrow-substrait-21.0.0-h3f74fd7_8_cpu.conda#86f6d887749f5f7f30d91ef6a5e01515
https://conda.anaconda.org/conda-forge/linux-64/pyarrow-core-21.0.0-py312hc195796_3_cpu.conda#4093c96a1b3b192e811543e57a1a347d
https://conda.anaconda.org/conda-forge/linux-64/pyarrow-21.0.0-py312h7900ff3_3.conda#17cade9505f6782f9df648844d07f23a
https://conda.anaconda.org/conda-forge/linux-64/libhwloc-2.11.2-default_h3d81e11_1002.conda#56aacccb6356b6b6134a79cdf5688506
https://conda.anaconda.org/conda-forge/linux-64/libspral-2024.05.08-h2b245be_4.conda#5e90da1c9b6f156657eaabcbd254e799
https://conda.anaconda.org/conda-forge/linux-64/libgfortran-ng-16.2.0-h69a702a_5.conda#3b3b5b0f484a99d3ed9c9e563ea90d34
https://conda.anaconda.org/conda-forge/linux-64/liblzma-devel-5.8.3-hb03c661_1.conda#6d83d6a332c19424e9e66b69b180ec11
https://conda.anaconda.org/conda-forge/linux-64/xz-gpl-tools-5.8.3-ha02ee65_1.conda#137db930adb0b3c5407485e0e1a50cfa
https://conda.anaconda.org/conda-forge/linux-64/xz-tools-5.8.3-hb03c661_1.conda#10d693a2db6e8339e4eebcb3a3dae88d
https://conda.anaconda.org/conda-forge/linux-64/xz-5.8.3-ha02ee65_1.conda#36a079606b3aaf9d726211825f182452
https://conda.anaconda.org/conda-forge/linux-64/libscotch-7.0.4-h2fe6a88_5.conda#dd1e1c54432494476d66c679014c675c
https://conda.anaconda.org/conda-forge/linux-64/mumps-include-5.7.3-h82cca05_10.conda#d6c7d8811686ed912ed4317831dd8c44
https://conda.anaconda.org/conda-forge/linux-64/mumps-seq-5.7.3-h27a6a8b_0.conda#d524b41c7757ea147337039fa4158fbb
https://conda.anaconda.org/conda-forge/linux-64/ipopt-3.14.16-h59d4785_11.conda#3812b8f412f45b321ae102af682b6cc7
https://conda.anaconda.org/conda-forge/linux-64/tbb-2022.1.0-h4ce085d_0.conda#f0afd0c7509f6c1b8d77ee64d7ba64b8
https://conda.anaconda.org/conda-forge/linux-64/scip-9.1.0-h4327a77_0.conda#e8a30f951de14c159cdcf584a9afa8bf
https://conda.anaconda.org/conda-forge/linux-64/pyscipopt-5.1.1-py312h7070661_0.conda#3c44668ac207a7a4aa1f42198317fd3c
https://conda.anaconda.org/conda-forge/linux-64/yaml-0.2.5-hebe6cf0_3.conda#e741576fb8f89821ac7c1c537322a33d
https://conda.anaconda.org/conda-forge/linux-64/pyyaml-6.0.3-py312h8a5da7c_1.conda#15878599a87992e44c059731771591cb
https://conda.anaconda.org/conda-forge/linux-64/libboost-1.86.0-hed09d94_4.conda#b708abf3b6a0f3cf2f833d2edf18aff0
https://conda.anaconda.org/conda-forge/linux-64/libboost-python-1.86.0-py312hf890105_5.conda#1630127107ab1cfb9ca9468f9318fa29
https://conda.anaconda.org/conda-forge/linux-64/librdkit-2025.03.6-h3c5c181_0.conda#a0bc6d5f899bdad653c96283f2967a7b
https://conda.anaconda.org/conda-forge/linux-64/pycairo-1.29.1-py312h33cdcd1_2.conda#b9a1fe88f42385fd78a66eb1dcbd3779
https://conda.anaconda.org/conda-forge/noarch/freetype-py-2.3.0-pyhd8ed1ab_0.tar.bz2#e4a165cdbbaed5bbb6e653b823156151
https://conda.anaconda.org/conda-forge/noarch/rlpycairo-0.4.0-pyh6c17108_0.conda#cc70086eaf08be7f62fd44842c013916
https://conda.anaconda.org/conda-forge/noarch/reportlab-5.0.1-pyhc364b38_0.conda#d4c140dbb45d81ff7cb48f1854d06c7f
https://conda.anaconda.org/conda-forge/linux-64/greenlet-3.5.6-py312h80505a6_0.conda#aeb718d6d95669b4dcc686750b6c034f
https://conda.anaconda.org/conda-forge/noarch/typing_extensions-4.16.0-pyhcf101f3_0.conda#c70ad746c22219b9700931707482992c
https://conda.anaconda.org/conda-forge/linux-64/sqlalchemy-2.0.54-py312h1b36aeb_1.conda#0b76c8690c2b042e1ddfbc307dfcaf25
https://conda.anaconda.org/conda-forge/linux-64/rdkit-2025.03.6-py312h089baad_0.conda#ba97f2bfc86f89333485ac7f868b9f25
https://conda.anaconda.org/conda-forge/noarch/narwhals-2.26.0-pyh5ded981_0.conda#afb7146667be7c8121f5f8337be60680
https://conda.anaconda.org/conda-forge/noarch/threadpoolctl-3.7.0-pyhc455866_0.conda#8c05910e780502e362d658f00f5ec10f
https://conda.anaconda.org/conda-forge/linux-64/scikit-learn-1.9.1-np2py312h91ec553_1.conda#2117db7d37a14155ecb8d8454de6baad
https://conda.anaconda.org/conda-forge/noarch/tqdm-4.70.1-pyhfa0c392_0.conda#ffc91f29264eeb8d3ba96fdc897316c3
https://conda.anaconda.org/kalininalab/linux-64/datasail-1.4.0-py312_0.tar.bz2#1e4796e08acc2c94c2af87c3d3061038
https://conda.anaconda.org/conda-forge/linux-64/libasprintf-0.25.1-h3f43e3d_1.conda#3b0d184bc9404516d418d4509e418bdc
https://conda.anaconda.org/conda-forge/linux-64/libgettextpo-0.25.1-h3f43e3d_1.conda#2f4de899028319b27eb7a4023be5dfd2
https://conda.anaconda.org/conda-forge/linux-64/gawk-5.4.1-h0a3468a_0.conda#64fd8d804a6aaef55d6d6c562446d72b
https://conda.anaconda.org/bioconda/linux-64/mash-2.3-hf85e966_11.conda#9850b5930af752cb158ce90b9f76ff64
https://conda.anaconda.org/bioconda/linux-64/mmseqs2-18.8cc5c-hd6d6fdc_0.tar.bz2#a11c5e78c9e77099aa3a2291710292e3
https://conda.anaconda.org/conda-forge/noarch/setuptools-84.0.0-pyh332efcf_0.conda#62ac906f1cd582c6c264c95625cb9d6f
https://conda.anaconda.org/conda-forge/noarch/wheel-0.48.0-pyhd8ed1ab_0.conda#9a2124517bfd5d792e0f7b86eefdfeb8
https://conda.anaconda.org/conda-forge/noarch/pip-26.2.1-pyh8b19718_0.conda#77b6cf3b0689d9fc68561df0db9b856d
